
Microsoft Visual Studio Solution File, Format Version 12.00
# Visual Studio Version 17
VisualStudioVersion = 17.13.35931.197 d17.13
MinimumVisualStudioVersion = 10.0.40219.1
Project("{FAE04EC0-301F-11D3-BF4B-00C04F79EFBC}") = "HttpNewsPAT", "HttpNewsPAT\HttpNewsPAT.csproj", "{DD2943E2-5B6A-4E2F-AA08-87D0B1956E51}"
EndProject
Global
	GlobalSection(SolutionConfigurationPlatforms) = preSolution
		Debug|Any CPU = Debug|Any CPU
		Release|Any CPU = Release|Any CPU
	EndGlobalSection
	GlobalSection(ProjectConfigurationPlatforms) = postSolution
		{DD2943E2-5B6A-4E2F-AA08-87D0B1956E51}.Debug|Any CPU.ActiveCfg = Debug|Any CPU
		{DD2943E2-5B6A-4E2F-AA08-87D0B1956E51}.Debug|Any CPU.Build.0 = Debug|Any CPU
		{DD2943E2-5B6A-4E2F-AA08-87D0B1956E51}.Release|Any CPU.ActiveCfg = Release|Any CPU
		{DD2943E2-5B6A-4E2F-AA08-87D0B1956E51}.Release|Any CPU.Build.0 = Release|Any CPU
	EndGlobalSection
	GlobalSection(SolutionProperties) = preSolution
		HideSolutionNode = FALSE
	EndGlobalSection
	GlobalSection(ExtensibilityGlobals) = postSolution
		SolutionGuid = {4F01F70E-C747-4C3E-BB5A-02EEB552F328}
	EndGlobalSection
EndGlobal
